
Microsoft Visual Studio Solution File, Format Version 12.00
# Visual Studio Version 17
VisualStudioVersion = 17.4.33205.214
MinimumVisualStudioVersion = 10.0.40219.1
Project("{8BC9CEB8-8B4A-11D0-8D11-00A0C91BC942}") = "main", "main\main.vcxproj", "{171CF796-F97F-46A0-96C0-506D1D81A434}"
EndProject
Project("{8BC9CEB8-8B4A-11D0-8D11-00A0C91BC942}") = "titian", "titian\titian.vcxproj", "{0E354A3A-110E-4BAD-8E77-BF1A524D31B5}"
EndProject
Project("{8BC9CEB8-8B4A-11D0-8D11-00A0C91BC942}") = "sandbox", "sandbox\sandbox.vcxproj", "{F2A54177-9B06-4CB0-B0AC-0DBA69341184}"
EndProject
Project("{8BC9CEB8-8B4A-11D0-8D11-00A0C91BC942}") = "packager", "packager\packager.vcxproj", "{D0A96857-4936-4FAE-937C-14AB1429150E}"
EndProject
Project("{8BC9CEB8-8B4A-11D0-8D11-00A0C91BC942}") = "fuze", "fuze\fuze.vcxproj", "{C53EC7FF-C65B-4650-B757-F133544097D1}"
EndProject
Project("{8BC9CEB8-8B4A-11D0-8D11-00A0C91BC942}") = "standard", "standard\standard.vcxproj", "{F022EE86-8942-4496-8EAC-05B135ACAD80}"
EndProject
Project("{8BC9CEB8-8B4A-11D0-8D11-00A0C91BC942}") = "klibrary", "klibrary\klibrary.vcxproj", "{5B9896B1-803A-45DD-A262-8055D73C6DD0}"
EndProject
Project("{8BC9CEB8-8B4A-11D0-8D11-00A0C91BC942}") = "imgui", "imgui\imgui.vcxproj", "{737A8ABD-A62F-4E28-8DA3-D24A40D276BD}"
EndProject
Project("{8BC9CEB8-8B4A-11D0-8D11-00A0C91BC942}") = "physx", "physx\physx.vcxproj", "{67D5795D-1CC1-462A-8D67-548CF9F03DE5}"
EndProject
Project("{8BC9CEB8-8B4A-11D0-8D11-00A0C91BC942}") = "assimp", "assimp\assimp.vcxproj", "{1C6B6176-003D-4CBE-BC5B-21BE73F184F9}"
EndProject
Project("{8BC9CEB8-8B4A-11D0-8D11-00A0C91BC942}") = "chaiscript", "chaiscript\chaiscript.vcxproj", "{F5FDC0A3-AB55-46EF-B5BA-CBBA0FFEF1C1}"
EndProject
Project("{8BC9CEB8-8B4A-11D0-8D11-00A0C91BC942}") = "mmodule", "mmodule\mmodule.vcxproj", "{FE941003-8180-4824-A733-773690B2BF16}"
EndProject

Global
	GlobalSection(SolutionConfigurationPlatforms) = preSolution
		Debug|x64 = Debug|x64
		Release|x64 = Release|x64
	EndGlobalSection
	GlobalSection(ProjectConfigurationPlatforms) = postSolution
		{0E354A3A-110E-4BAD-8E77-BF1A524D31B5}.Debug|x64.ActiveCfg = Debug|x64
		{0E354A3A-110E-4BAD-8E77-BF1A524D31B5}.Debug|x64.Build.0 = Debug|x64
		{0E354A3A-110E-4BAD-8E77-BF1A524D31B5}.Release|x64.ActiveCfg = Release|x64
		{0E354A3A-110E-4BAD-8E77-BF1A524D31B5}.Release|x64.Build.0 = Release|x64
		{5B9896B1-803A-45DD-A262-8055D73C6DD0}.Debug|x64.ActiveCfg = Debug|x64
		{5B9896B1-803A-45DD-A262-8055D73C6DD0}.Debug|x64.Build.0 = Debug|x64
		{5B9896B1-803A-45DD-A262-8055D73C6DD0}.Release|x64.ActiveCfg = Release|x64
		{5B9896B1-803A-45DD-A262-8055D73C6DD0}.Release|x64.Build.0 = Release|x64
		{737A8ABD-A62F-4E28-8DA3-D24A40D276BD}.Debug|x64.ActiveCfg = Debug|x64
		{737A8ABD-A62F-4E28-8DA3-D24A40D276BD}.Debug|x64.Build.0 = Debug|x64
		{737A8ABD-A62F-4E28-8DA3-D24A40D276BD}.Release|x64.ActiveCfg = Release|x64
		{737A8ABD-A62F-4E28-8DA3-D24A40D276BD}.Release|x64.Build.0 = Release|x64
		{171CF796-F97F-46A0-96C0-506D1D81A434}.Debug|x64.ActiveCfg = Debug|x64
		{171CF796-F97F-46A0-96C0-506D1D81A434}.Debug|x64.Build.0 = Debug|x64
		{171CF796-F97F-46A0-96C0-506D1D81A434}.Release|x64.ActiveCfg = Release|x64
		{171CF796-F97F-46A0-96C0-506D1D81A434}.Release|x64.Build.0 = Release|x64
		{C53EC7FF-C65B-4650-B757-F133544097D1}.Debug|x64.ActiveCfg = Debug|x64
		{C53EC7FF-C65B-4650-B757-F133544097D1}.Debug|x64.Build.0 = Debug|x64
		{C53EC7FF-C65B-4650-B757-F133544097D1}.Release|x64.ActiveCfg = Release|x64
		{C53EC7FF-C65B-4650-B757-F133544097D1}.Release|x64.Build.0 = Release|x64
		{D0A96857-4936-4FAE-937C-14AB1429150E}.Debug|x64.ActiveCfg = Debug|x64
		{D0A96857-4936-4FAE-937C-14AB1429150E}.Debug|x64.Build.0 = Debug|x64
		{D0A96857-4936-4FAE-937C-14AB1429150E}.Release|x64.ActiveCfg = Release|x64
		{D0A96857-4936-4FAE-937C-14AB1429150E}.Release|x64.Build.0 = Release|x64
		{F2A54177-9B06-4CB0-B0AC-0DBA69341184}.Debug|x64.ActiveCfg = Debug|x64
		{F2A54177-9B06-4CB0-B0AC-0DBA69341184}.Debug|x64.Build.0 = Debug|x64
		{F2A54177-9B06-4CB0-B0AC-0DBA69341184}.Release|x64.ActiveCfg = Release|x64
		{F2A54177-9B06-4CB0-B0AC-0DBA69341184}.Release|x64.Build.0 = Release|x64
		{67D5795D-1CC1-462A-8D67-548CF9F03DE5}.Debug|x64.ActiveCfg = Debug|x64
		{67D5795D-1CC1-462A-8D67-548CF9F03DE5}.Debug|x64.Build.0 = Debug|x64
		{67D5795D-1CC1-462A-8D67-548CF9F03DE5}.Release|x64.ActiveCfg = Release|x64
		{67D5795D-1CC1-462A-8D67-548CF9F03DE5}.Release|x64.Build.0 = Release|x64
		{1C6B6176-003D-4CBE-BC5B-21BE73F184F9}.Debug|x64.ActiveCfg = Debug|x64
		{1C6B6176-003D-4CBE-BC5B-21BE73F184F9}.Debug|x64.Build.0 = Debug|x64
		{1C6B6176-003D-4CBE-BC5B-21BE73F184F9}.Release|x64.ActiveCfg = Release|x64
		{1C6B6176-003D-4CBE-BC5B-21BE73F184F9}.Release|x64.Build.0 = Release|x64
		{F5FDC0A3-AB55-46EF-B5BA-CBBA0FFEF1C1}.Debug|x64.ActiveCfg = Debug|x64
		{F5FDC0A3-AB55-46EF-B5BA-CBBA0FFEF1C1}.Debug|x64.Build.0 = Debug|x64
		{F5FDC0A3-AB55-46EF-B5BA-CBBA0FFEF1C1}.Release|x64.ActiveCfg = Release|x64
		{F5FDC0A3-AB55-46EF-B5BA-CBBA0FFEF1C1}.Release|x64.Build.0 = Release|x64
		{FE941003-8180-4824-A733-773690B2BF16}.Debug|x64.ActiveCfg = Debug|x64
		{FE941003-8180-4824-A733-773690B2BF16}.Debug|x64.Build.0 = Debug|x64
		{FE941003-8180-4824-A733-773690B2BF16}.Release|x64.ActiveCfg = Release|x64
		{FE941003-8180-4824-A733-773690B2BF16}.Release|x64.Build.0 = Release|x64
		{F022EE86-8942-4496-8EAC-05B135ACAD80}.Debug|x64.ActiveCfg = Debug|x64
		{F022EE86-8942-4496-8EAC-05B135ACAD80}.Debug|x64.Build.0 = Debug|x64
		{F022EE86-8942-4496-8EAC-05B135ACAD80}.Release|x64.ActiveCfg = Release|x64
		{F022EE86-8942-4496-8EAC-05B135ACAD80}.Release|x64.Build.0 = Release|x64
	EndGlobalSection
	GlobalSection(SolutionProperties) = preSolution
		HideSolutionNode = FALSE
	EndGlobalSection
	GlobalSection(ExtensibilityGlobals) = postSolution
		SolutionGuid = {8DC56732-0F34-4844-84B2-C2342E97464A}
	EndGlobalSection
EndGlobal
