<?xml version="1.0" encoding="utf-8"?>
<Project ToolsVersion="4.0" xmlns="http://schemas.microsoft.com/developer/msbuild/2003">
  <ItemGroup>
    <Filter Include="Source Files">
      <UniqueIdentifier>{4FC737F1-C7A5-4376-A066-2A32D752A2FF}</UniqueIdentifier>
      <Extensions>cpp;c;cc;cxx;c++;cppm;ixx;def;odl;idl;hpj;bat;asm;asmx</Extensions>
    </Filter>
    <Filter Include="Header Files">
      <UniqueIdentifier>{93995380-89BD-4b04-88EB-625FBE52EBFB}</UniqueIdentifier>
      <Extensions>h;hh;hpp;hxx;h++;hm;inl;inc;ipp;xsd</Extensions>
    </Filter>
    <Filter Include="Resource Files">
      <UniqueIdentifier>{67DA6AB6-F800-4c08-8B7A-83BB121AAD01}</UniqueIdentifier>
      <Extensions>rc;ico;cur;bmp;dlg;rc2;rct;bin;rgs;gif;jpg;jpeg;jpe;resx;tiff;tif;png;wav;mfcribbon-ms</Extensions>
    </Filter>
  </ItemGroup>
  <ItemGroup>
    <ClCompile Include="source\app\app_layer.cpp">
      <Filter>Source Files</Filter>
    </ClCompile>
    <ClCompile Include="source\app\log_info.cpp">
      <Filter>Source Files</Filter>
    </ClCompile>
    <ClCompile Include="source\app\logger.cpp">
      <Filter>Source Files</Filter>
    </ClCompile>
    <ClCompile Include="source\scene\components\animation.cpp">
      <Filter>Source Files</Filter>
    </ClCompile>
    <ClCompile Include="source\scene\components\material.cpp">
      <Filter>Source Files</Filter>
    </ClCompile>
    <ClCompile Include="source\scene\components\mesh.cpp">
      <Filter>Source Files</Filter>
    </ClCompile>
    <ClCompile Include="source\scene\components\shader.cpp">
      <Filter>Source Files</Filter>
    </ClCompile>
    <ClCompile Include="source\scene\components\texture.cpp">
      <Filter>Source Files</Filter>
    </ClCompile>
    <ClCompile Include="source\editor\editor_layer.cpp">
      <Filter>Source Files</Filter>
    </ClCompile>
    <ClCompile Include="source\editor\game_layer.cpp">
      <Filter>Source Files</Filter>
    </ClCompile>
    <ClCompile Include="source\gui\editors\code_editor.cpp">
      <Filter>Source Files</Filter>
    </ClCompile>
    <ClCompile Include="source\gui\sections\section_animation_editor.cpp">
      <Filter>Source Files</Filter>
    </ClCompile>
    <ClCompile Include="source\gui\sections\section_entity_properties.cpp">
      <Filter>Source Files</Filter>
    </ClCompile>
    <ClCompile Include="source\gui\sections\section_explorer.cpp">
      <Filter>Source Files</Filter>
    </ClCompile>
    <ClCompile Include="source\gui\sections\section_log_view.cpp">
      <Filter>Source Files</Filter>
    </ClCompile>
    <ClCompile Include="source\gui\sections\section_main_menu.cpp">
      <Filter>Source Files</Filter>
    </ClCompile>
    <ClCompile Include="source\gui\sections\section_material_editor.cpp">
      <Filter>Source Files</Filter>
    </ClCompile>
    <ClCompile Include="source\gui\sections\section_mesh_editor.cpp">
      <Filter>Source Files</Filter>
    </ClCompile>
    <ClCompile Include="source\gui\sections\section_scene_entities.cpp">
      <Filter>Source Files</Filter>
    </ClCompile>
    <ClCompile Include="source\gui\sections\section_scene_info.cpp">
      <Filter>Source Files</Filter>
    </ClCompile>
    <ClCompile Include="source\gui\sections\section_script_editor.cpp">
      <Filter>Source Files</Filter>
    </ClCompile>
    <ClCompile Include="source\gui\sections\section_scripting_parameters.cpp">
      <Filter>Source Files</Filter>
    </ClCompile>
    <ClCompile Include="source\gui\sections\section_shader_editor.cpp">
      <Filter>Source Files</Filter>
    </ClCompile>
    <ClCompile Include="source\gui\sections\section_texture_editor.cpp">
      <Filter>Source Files</Filter>
    </ClCompile>
    <ClCompile Include="source\gui\sections\section_bench_info.cpp">
      <Filter>Source Files</Filter>
    </ClCompile>
    <ClCompile Include="source\gui\sections\section_viewport.cpp">
      <Filter>Source Files</Filter>
    </ClCompile>
    <ClCompile Include="source\gui\gui_layer.cpp">
      <Filter>Source Files</Filter>
    </ClCompile>
    <ClCompile Include="source\gui\gui_section.cpp">
      <Filter>Source Files</Filter>
    </ClCompile>
    <ClCompile Include="source\layer\layer.cpp">
      <Filter>Source Files</Filter>
    </ClCompile>
    <ClCompile Include="source\layer\layer_stack.cpp">
      <Filter>Source Files</Filter>
    </ClCompile>
    <ClCompile Include="source\scene\light\ambient_light.cpp">
      <Filter>Source Files</Filter>
    </ClCompile>
    <ClCompile Include="source\scene\light\directional_light.cpp">
      <Filter>Source Files</Filter>
    </ClCompile>
    <ClCompile Include="source\render\pass\display_pass.cpp">
      <Filter>Source Files</Filter>
    </ClCompile>
    <ClCompile Include="source\render\pass\editor_pass.cpp">
      <Filter>Source Files</Filter>
    </ClCompile>
    <ClCompile Include="source\render\pass\outline_pass.cpp">
      <Filter>Source Files</Filter>
    </ClCompile>
    <ClCompile Include="source\render\pass\post_pass.cpp">
      <Filter>Source Files</Filter>
    </ClCompile>
    <ClCompile Include="source\render\pass\scene_pass.cpp">
      <Filter>Source Files</Filter>
    </ClCompile>
    <ClCompile Include="source\render\pass\shadow_pass.cpp">
      <Filter>Source Files</Filter>
    </ClCompile>
    <ClCompile Include="source\render\pass\skybox_pass.cpp">
      <Filter>Source Files</Filter>
    </ClCompile>
    <ClCompile Include="source\render\states\blend_states.cpp">
      <Filter>Source Files</Filter>
    </ClCompile>
    <ClCompile Include="source\render\states\depth_states.cpp">
      <Filter>Source Files</Filter>
    </ClCompile>
    <ClCompile Include="source\render\states\raster_states.cpp">
      <Filter>Source Files</Filter>
    </ClCompile>
    <ClCompile Include="source\render\states\sampler_states.cpp">
      <Filter>Source Files</Filter>
    </ClCompile>
    <ClCompile Include="source\render\states\shader_states.cpp">
      <Filter>Source Files</Filter>
    </ClCompile>
    <ClCompile Include="source\render\render_layer.cpp">
      <Filter>Source Files</Filter>
    </ClCompile>
    <ClCompile Include="source\render\render_pass.cpp">
      <Filter>Source Files</Filter>
    </ClCompile>
    <ClCompile Include="source\scene\camera.cpp">
      <Filter>Source Files</Filter>
    </ClCompile>
    <ClCompile Include="source\scene\entity.cpp">
      <Filter>Source Files</Filter>
    </ClCompile>
    <ClCompile Include="source\scene\scene.cpp">
      <Filter>Source Files</Filter>
    </ClCompile>
    <ClCompile Include="source\script\interp_script.cpp">
      <Filter>Source Files</Filter>
    </ClCompile>
    <ClCompile Include="source\script\native_script.cpp">
      <Filter>Source Files</Filter>
    </ClCompile>
    <ClCompile Include="source\script\node_script.cpp">
      <Filter>Source Files</Filter>
    </ClCompile>
    <ClCompile Include="source\script\script.cpp">
      <Filter>Source Files</Filter>
    </ClCompile>
    <ClCompile Include="source\serial\binary_serializer.cpp">
      <Filter>Source Files</Filter>
    </ClCompile>
    <ClCompile Include="source\titian_editor.cpp">
      <Filter>Source Files</Filter>
    </ClCompile>
    <ClCompile Include="source\titian_game.cpp">
      <Filter>Source Files</Filter>
    </ClCompile>
    <ClCompile Include="source\gui\ui\ui_funcs.cpp">
      <Filter>Source Files</Filter>
    </ClCompile>
    <ClCompile Include="source\titian.cpp">
      <Filter>Source Files</Filter>
    </ClCompile>
    <ClCompile Include="source\serial\text_serializer.cpp">
      <Filter>Source Files</Filter>
    </ClCompile>
    <ClCompile Include="source\serial\serial.cpp">
      <Filter>Source Files</Filter>
    </ClCompile>
    <ClCompile Include="source\utility\async_util.cpp">
      <Filter>Source Files</Filter>
    </ClCompile>
    <ClCompile Include="source\utility\bench_util.cpp">
      <Filter>Source Files</Filter>
    </ClCompile>
    <ClCompile Include="source\utility\file_util.cpp">
      <Filter>Source Files</Filter>
    </ClCompile>
    <ClCompile Include="source\utility\gui_util.cpp">
      <Filter>Source Files</Filter>
    </ClCompile>
    <ClCompile Include="source\utility\string_util.cpp">
      <Filter>Source Files</Filter>
    </ClCompile>
    <ClCompile Include="source\gui\sections\section_helper.cpp">
      <Filter>Source Files</Filter>
    </ClCompile>
    <ClCompile Include="source\utility\helper_util.cpp">
      <Filter>Source Files</Filter>
    </ClCompile>
    <ClCompile Include="source\scene\scene_defaults.cpp">
      <Filter>Source Files</Filter>
    </ClCompile>
    <ClCompile Include="source\render\tracing\tracing.cpp">
      <Filter>Source Files</Filter>
    </ClCompile>
    <ClCompile Include="source\render\tracing\cpu_tracer.cpp">
      <Filter>Source Files</Filter>
    </ClCompile>
    <ClCompile Include="source\render\tracing\gpu_tracer.cpp">
      <Filter>Source Files</Filter>
    </ClCompile>
  </ItemGroup>
  <ItemGroup>
    <ClInclude Include="source\app\app_layer.h">
      <Filter>Header Files</Filter>
    </ClInclude>
    <ClInclude Include="source\app\log_info.h">
      <Filter>Header Files</Filter>
    </ClInclude>
    <ClInclude Include="source\app\logger.h">
      <Filter>Header Files</Filter>
    </ClInclude>
    <ClInclude Include="source\scene\components\animation.h">
      <Filter>Header Files</Filter>
    </ClInclude>
    <ClInclude Include="source\scene\components\material.h">
      <Filter>Header Files</Filter>
    </ClInclude>
    <ClInclude Include="source\scene\components\mesh.h">
      <Filter>Header Files</Filter>
    </ClInclude>
    <ClInclude Include="source\scene\components\shader.h">
      <Filter>Header Files</Filter>
    </ClInclude>
    <ClInclude Include="source\scene\components\texture.h">
      <Filter>Header Files</Filter>
    </ClInclude>
    <ClInclude Include="source\editor\editor_layer.h">
      <Filter>Header Files</Filter>
    </ClInclude>
    <ClInclude Include="source\editor\game_layer.h">
      <Filter>Header Files</Filter>
    </ClInclude>
    <ClInclude Include="source\gui\editors\code_editor.h">
      <Filter>Header Files</Filter>
    </ClInclude>
    <ClInclude Include="source\gui\sections\section_animation_editor.h">
      <Filter>Header Files</Filter>
    </ClInclude>
    <ClInclude Include="source\gui\sections\section_entity_properties.h">
      <Filter>Header Files</Filter>
    </ClInclude>
    <ClInclude Include="source\gui\sections\section_explorer.h">
      <Filter>Header Files</Filter>
    </ClInclude>
    <ClInclude Include="source\gui\sections\section_log_view.h">
      <Filter>Header Files</Filter>
    </ClInclude>
    <ClInclude Include="source\gui\sections\section_main_menu.h">
      <Filter>Header Files</Filter>
    </ClInclude>
    <ClInclude Include="source\gui\sections\section_material_editor.h">
      <Filter>Header Files</Filter>
    </ClInclude>
    <ClInclude Include="source\gui\sections\section_mesh_editor.h">
      <Filter>Header Files</Filter>
    </ClInclude>
    <ClInclude Include="source\gui\sections\section_scene_entities.h">
      <Filter>Header Files</Filter>
    </ClInclude>
    <ClInclude Include="source\gui\sections\section_scene_info.h">
      <Filter>Header Files</Filter>
    </ClInclude>
    <ClInclude Include="source\gui\sections\section_script_editor.h">
      <Filter>Header Files</Filter>
    </ClInclude>
    <ClInclude Include="source\gui\sections\section_scripting_parameters.h">
      <Filter>Header Files</Filter>
    </ClInclude>
    <ClInclude Include="source\gui\sections\section_shader_editor.h">
      <Filter>Header Files</Filter>
    </ClInclude>
    <ClInclude Include="source\gui\sections\section_texture_editor.h">
      <Filter>Header Files</Filter>
    </ClInclude>
    <ClInclude Include="source\gui\sections\section_bench_info.h">
      <Filter>Header Files</Filter>
    </ClInclude>
    <ClInclude Include="source\gui\sections\section_viewport.h">
      <Filter>Header Files</Filter>
    </ClInclude>
    <ClInclude Include="source\gui\gui_layer.h">
      <Filter>Header Files</Filter>
    </ClInclude>
    <ClInclude Include="source\gui\gui_section.h">
      <Filter>Header Files</Filter>
    </ClInclude>
    <ClInclude Include="source\layer\layer.h">
      <Filter>Header Files</Filter>
    </ClInclude>
    <ClInclude Include="source\layer\layer_stack.h">
      <Filter>Header Files</Filter>
    </ClInclude>
    <ClInclude Include="source\scene\light\ambient_light.h">
      <Filter>Header Files</Filter>
    </ClInclude>
    <ClInclude Include="source\scene\light\directional_light.h">
      <Filter>Header Files</Filter>
    </ClInclude>
    <ClInclude Include="source\render\pass\display_pass.h">
      <Filter>Header Files</Filter>
    </ClInclude>
    <ClInclude Include="source\render\pass\editor_pass.h">
      <Filter>Header Files</Filter>
    </ClInclude>
    <ClInclude Include="source\render\pass\outline_pass.h">
      <Filter>Header Files</Filter>
    </ClInclude>
    <ClInclude Include="source\render\pass\post_pass.h">
      <Filter>Header Files</Filter>
    </ClInclude>
    <ClInclude Include="source\render\pass\scene_pass.h">
      <Filter>Header Files</Filter>
    </ClInclude>
    <ClInclude Include="source\render\pass\shadow_pass.h">
      <Filter>Header Files</Filter>
    </ClInclude>
    <ClInclude Include="source\render\pass\skybox_pass.h">
      <Filter>Header Files</Filter>
    </ClInclude>
    <ClInclude Include="source\render\states\blend_states.h">
      <Filter>Header Files</Filter>
    </ClInclude>
    <ClInclude Include="source\render\states\depth_states.h">
      <Filter>Header Files</Filter>
    </ClInclude>
    <ClInclude Include="source\render\states\raster_states.h">
      <Filter>Header Files</Filter>
    </ClInclude>
    <ClInclude Include="source\render\states\sampler_states.h">
      <Filter>Header Files</Filter>
    </ClInclude>
    <ClInclude Include="source\render\states\shader_states.h">
      <Filter>Header Files</Filter>
    </ClInclude>
    <ClInclude Include="source\render\render_layer.h">
      <Filter>Header Files</Filter>
    </ClInclude>
    <ClInclude Include="source\render\render_pass.h">
      <Filter>Header Files</Filter>
    </ClInclude>
    <ClInclude Include="source\scene\camera.h">
      <Filter>Header Files</Filter>
    </ClInclude>
    <ClInclude Include="source\scene\entity.h">
      <Filter>Header Files</Filter>
    </ClInclude>
    <ClInclude Include="source\scene\scene.h">
      <Filter>Header Files</Filter>
    </ClInclude>
    <ClInclude Include="source\script\interp_script.h">
      <Filter>Header Files</Filter>
    </ClInclude>
    <ClInclude Include="source\script\native_script.h">
      <Filter>Header Files</Filter>
    </ClInclude>
    <ClInclude Include="source\script\node_script.h">
      <Filter>Header Files</Filter>
    </ClInclude>
    <ClInclude Include="source\script\script.h">
      <Filter>Header Files</Filter>
    </ClInclude>
    <ClInclude Include="source\serial\binary_serializer.h">
      <Filter>Header Files</Filter>
    </ClInclude>
    <ClInclude Include="source\titian_editor.h">
      <Filter>Header Files</Filter>
    </ClInclude>
    <ClInclude Include="source\titian_game.h">
      <Filter>Header Files</Filter>
    </ClInclude>
    <ClInclude Include="source\gui\ui\ui_funcs.h">
      <Filter>Header Files</Filter>
    </ClInclude>
    <ClInclude Include="source\utility\async_util.h">
      <Filter>Header Files</Filter>
    </ClInclude>
    <ClInclude Include="source\utility\file_util.h">
      <Filter>Header Files</Filter>
    </ClInclude>
    <ClInclude Include="source\utility\gui_util.h">
      <Filter>Header Files</Filter>
    </ClInclude>
    <ClInclude Include="source\utility\string_util.h">
      <Filter>Header Files</Filter>
    </ClInclude>
    <ClInclude Include="source\utility\bench_util.h">
      <Filter>Header Files</Filter>
    </ClInclude>
    <ClInclude Include="source\titian.h">
      <Filter>Header Files</Filter>
    </ClInclude>
    <ClInclude Include="source\serial\text_serializer.h">
      <Filter>Header Files</Filter>
    </ClInclude>
    <ClInclude Include="source\serial\serial.h">
      <Filter>Header Files</Filter>
    </ClInclude>
    <ClInclude Include="source\gui\sections\section_helper.h">
      <Filter>Header Files</Filter>
    </ClInclude>
    <ClInclude Include="source\utility\helper_util.h">
      <Filter>Header Files</Filter>
    </ClInclude>
    <ClInclude Include="source\scene\scene_defaults.h">
      <Filter>Header Files</Filter>
    </ClInclude>
    <ClInclude Include="source\render\tracing\tracing.h">
      <Filter>Header Files</Filter>
    </ClInclude>
    <ClInclude Include="source\render\tracing\cpu_tracer.h">
      <Filter>Header Files</Filter>
    </ClInclude>
    <ClInclude Include="source\render\tracing\gpu_tracer.h">
      <Filter>Header Files</Filter>
    </ClInclude>
  </ItemGroup>
  <ItemGroup>
    <None Include="package\shaders\scene_pass.hlsl" />
    <None Include="package\shaders\display_pass.hlsl" />
    <None Include="package\shaders\outline_pass.hlsl" />
    <None Include="package\shaders\post_pass.hlsl" />
    <None Include="package\shaders\shadow_pass.hlsl" />
    <None Include="package\shaders\skybox_pass.hlsl" />
    <None Include="package\shaders\solid_lit_pass.hlsl" />
    <None Include="package\shaders\solid_pass.hlsl" />
    <None Include="package\shaders\tracing\tracing_display.hlsl">
      <Filter>Source Files</Filter>
    </None>
    <None Include="package\shaders\tracing\tracing_copy.hlsl">
      <Filter>Source Files</Filter>
    </None>
    <None Include="package\shaders\tracing\tracing_compute.hlsl">
      <Filter>Source Files</Filter>
    </None>
  </ItemGroup>
</Project>