<?xml version="1.0" encoding="utf-8"?>
<Project ToolsVersion="4.0" xmlns="http://schemas.microsoft.com/developer/msbuild/2003">
  <ItemGroup>
    <Filter Include="Source Files">
      <UniqueIdentifier>{4FC737F1-C7A5-4376-A066-2A32D752A2FF}</UniqueIdentifier>
      <Extensions>cpp;c;cc;cxx;c++;cppm;ixx;def;odl;idl;hpj;bat;asm;asmx</Extensions>
    </Filter>
    <Filter Include="Header Files">
      <UniqueIdentifier>{93995380-89BD-4b04-88EB-625FBE52EBFB}</UniqueIdentifier>
      <Extensions>h;hh;hpp;hxx;h++;hm;inl;inc;ipp;xsd</Extensions>
    </Filter>
    <Filter Include="Resource Files">
      <UniqueIdentifier>{67DA6AB6-F800-4c08-8B7A-83BB121AAD01}</UniqueIdentifier>
      <Extensions>rc;ico;cur;bmp;dlg;rc2;rct;bin;rgs;gif;jpg;jpeg;jpe;resx;tiff;tif;png;wav;mfcribbon-ms</Extensions>
    </Filter>
  </ItemGroup>
  <ItemGroup>
    <ClCompile Include="source\fuze.cpp">
      <Filter>Source Files</Filter>
    </ClCompile>
    <ClCompile Include="source\fuze_editor.cpp">
      <Filter>Source Files</Filter>
    </ClCompile>
    <ClCompile Include="source\layers\video_layer.cpp">
      <Filter>Source Files</Filter>
    </ClCompile>
    <ClCompile Include="source\sections\gui_section_fuze_display.cpp">
      <Filter>Source Files</Filter>
    </ClCompile>
    <ClCompile Include="source\sections\gui_section_fuze_image_effects.cpp">
      <Filter>Source Files</Filter>
    </ClCompile>
    <ClCompile Include="source\sections\gui_section_fuze_timeline.cpp">
      <Filter>Source Files</Filter>
    </ClCompile>
    <ClCompile Include="source\sections\gui_section_fuze_main_menu.cpp">
      <Filter>Source Files</Filter>
    </ClCompile>
    <ClCompile Include="source\sections\gui_section_fuze_render.cpp">
      <Filter>Source Files</Filter>
    </ClCompile>
    <ClCompile Include="source\track\track.cpp">
      <Filter>Source Files</Filter>
    </ClCompile>
    <ClCompile Include="source\track\media.cpp">
      <Filter>Source Files</Filter>
    </ClCompile>
    <ClCompile Include="source\storage\frame.cpp">
      <Filter>Source Files</Filter>
    </ClCompile>
    <ClCompile Include="source\storage\video.cpp">
      <Filter>Source Files</Filter>
    </ClCompile>
    <ClCompile Include="source\storage\image.cpp">
      <Filter>Source Files</Filter>
    </ClCompile>
    <ClCompile Include="source\storage\audio.cpp">
      <Filter>Source Files</Filter>
    </ClCompile>
    <ClCompile Include="source\effects\effect_package.cpp">
      <Filter>Source Files</Filter>
    </ClCompile>
    <ClCompile Include="source\effects\image_effect.cpp">
      <Filter>Source Files</Filter>
    </ClCompile>
    <ClCompile Include="source\effects\audio_effect.cpp">
      <Filter>Source Files</Filter>
    </ClCompile>
    <ClCompile Include="source\effects\image_effects.cpp">
      <Filter>Source Files</Filter>
    </ClCompile>
    <ClCompile Include="source\effects\audio_effects.cpp">
      <Filter>Source Files</Filter>
    </ClCompile>
    <ClCompile Include="source\sections\gui_section_fuze_audio_effects.cpp">
      <Filter>Source Files</Filter>
    </ClCompile>
    <ClCompile Include="source\render\fuze_renderer.cpp">
      <Filter>Source Files</Filter>
    </ClCompile>
    <ClCompile Include="source\render\frame_handler.cpp">
      <Filter>Source Files</Filter>
    </ClCompile>
  </ItemGroup>
  <ItemGroup>
    <ClInclude Include="source\fuze.h">
      <Filter>Header Files</Filter>
    </ClInclude>
    <ClInclude Include="source\fuze_editor.h">
      <Filter>Header Files</Filter>
    </ClInclude>
    <ClInclude Include="source\layers\video_layer.h">
      <Filter>Header Files</Filter>
    </ClInclude>
    <ClInclude Include="source\sections\gui_section_fuze_display.h">
      <Filter>Header Files</Filter>
    </ClInclude>
    <ClInclude Include="source\sections\gui_section_fuze_image_effects.h">
      <Filter>Header Files</Filter>
    </ClInclude>
    <ClInclude Include="source\sections\gui_section_fuze_timeline.h">
      <Filter>Header Files</Filter>
    </ClInclude>
    <ClInclude Include="source\sections\gui_section_fuze_main_menu.h">
      <Filter>Header Files</Filter>
    </ClInclude>
    <ClInclude Include="source\sections\gui_section_fuze_render.h">
      <Filter>Header Files</Filter>
    </ClInclude>
    <ClInclude Include="source\track\track.h">
      <Filter>Header Files</Filter>
    </ClInclude>
    <ClInclude Include="source\track\media.h">
      <Filter>Header Files</Filter>
    </ClInclude>
    <ClInclude Include="source\effects\image_effect.h">
      <Filter>Header Files</Filter>
    </ClInclude>
    <ClInclude Include="source\effects\audio_effect.h">
      <Filter>Header Files</Filter>
    </ClInclude>
    <ClInclude Include="source\storage\frame.h">
      <Filter>Header Files</Filter>
    </ClInclude>
    <ClInclude Include="source\storage\video.h">
      <Filter>Header Files</Filter>
    </ClInclude>
    <ClInclude Include="source\storage\image.h">
      <Filter>Header Files</Filter>
    </ClInclude>
    <ClInclude Include="source\storage\audio.h">
      <Filter>Header Files</Filter>
    </ClInclude>
    <ClInclude Include="source\effects\effect_package.h">
      <Filter>Header Files</Filter>
    </ClInclude>
    <ClInclude Include="source\effects\image_effects.h">
      <Filter>Header Files</Filter>
    </ClInclude>
    <ClInclude Include="source\effects\audio_effects.h">
      <Filter>Header Files</Filter>
    </ClInclude>
    <ClInclude Include="source\sections\gui_section_fuze_audio_effects.h">
      <Filter>Header Files</Filter>
    </ClInclude>
    <ClInclude Include="source\render\fuze_renderer.h">
      <Filter>Header Files</Filter>
    </ClInclude>
    <ClInclude Include="source\render\frame_handler.h">
      <Filter>Header Files</Filter>
    </ClInclude>
  </ItemGroup>
</Project>