<?xml version="1.0" encoding="utf-8"?>
<Project ToolsVersion="4.0" xmlns="http://schemas.microsoft.com/developer/msbuild/2003">
  <ItemGroup>
    <Filter Include="Source Files">
      <UniqueIdentifier>{4FC737F1-C7A5-4376-A066-2A32D752A2FF}</UniqueIdentifier>
      <Extensions>cpp;c;cc;cxx;c++;cppm;ixx;def;odl;idl;hpj;bat;asm;asmx</Extensions>
    </Filter>
    <Filter Include="Header Files">
      <UniqueIdentifier>{93995380-89BD-4b04-88EB-625FBE52EBFB}</UniqueIdentifier>
      <Extensions>h;hh;hpp;hxx;h++;hm;inl;inc;ipp;xsd</Extensions>
    </Filter>
    <Filter Include="Resource Files">
      <UniqueIdentifier>{67DA6AB6-F800-4c08-8B7A-83BB121AAD01}</UniqueIdentifier>
      <Extensions>rc;ico;cur;bmp;dlg;rc2;rct;bin;rgs;gif;jpg;jpeg;jpe;resx;tiff;tif;png;wav;mfcribbon-ms</Extensions>
    </Filter>
  </ItemGroup>
  <ItemGroup>
    <ClInclude Include="source\CharacterKinematic\PxBoxController.h">
      <Filter>Header Files</Filter>
    </ClInclude>
    <ClInclude Include="source\CharacterKinematic\PxCapsuleController.h">
      <Filter>Header Files</Filter>
    </ClInclude>
    <ClInclude Include="source\CharacterKinematic\PxController.h">
      <Filter>Header Files</Filter>
    </ClInclude>
    <ClInclude Include="source\CharacterKinematic\PxControllerBehavior.h">
      <Filter>Header Files</Filter>
    </ClInclude>
    <ClInclude Include="source\CharacterKinematic\PxControllerManager.h">
      <Filter>Header Files</Filter>
    </ClInclude>
    <ClInclude Include="source\CharacterKinematic\PxControllerObstacles.h">
      <Filter>Header Files</Filter>
    </ClInclude>
    <ClInclude Include="source\CharacterKinematic\PxExtended.h">
      <Filter>Header Files</Filter>
    </ClInclude>
    <ClInclude Include="source\Collision\PxCollisionDefs.h">
      <Filter>Header Files</Filter>
    </ClInclude>
    <ClInclude Include="source\Common\Windows\PxWindowsDelayLoadHook.h">
      <Filter>Header Files</Filter>
    </ClInclude>
    <ClInclude Include="source\Common\PxBase.h">
      <Filter>Header Files</Filter>
    </ClInclude>
    <ClInclude Include="source\Common\PxCollection.h">
      <Filter>Header Files</Filter>
    </ClInclude>
    <ClInclude Include="source\Common\PxCoreUtilityTypes.h">
      <Filter>Header Files</Filter>
    </ClInclude>
    <ClInclude Include="source\Common\PxMetaData.h">
      <Filter>Header Files</Filter>
    </ClInclude>
    <ClInclude Include="source\Common\PxMetaDataFlags.h">
      <Filter>Header Files</Filter>
    </ClInclude>
    <ClInclude Include="source\Common\PxPhysicsInsertionCallback.h">
      <Filter>Header Files</Filter>
    </ClInclude>
    <ClInclude Include="source\Common\PxPhysXCommonConfig.h">
      <Filter>Header Files</Filter>
    </ClInclude>
    <ClInclude Include="source\Common\PxProfileZone.h">
      <Filter>Header Files</Filter>
    </ClInclude>
    <ClInclude Include="source\Common\PxRenderBuffer.h">
      <Filter>Header Files</Filter>
    </ClInclude>
    <ClInclude Include="source\Common\PxSerialFramework.h">
      <Filter>Header Files</Filter>
    </ClInclude>
    <ClInclude Include="source\Common\PxSerializer.h">
      <Filter>Header Files</Filter>
    </ClInclude>
    <ClInclude Include="source\Common\PxStringTable.h">
      <Filter>Header Files</Filter>
    </ClInclude>
    <ClInclude Include="source\Common\PxTolerancesScale.h">
      <Filter>Header Files</Filter>
    </ClInclude>
    <ClInclude Include="source\Common\PxTypeInfo.h">
      <Filter>Header Files</Filter>
    </ClInclude>
    <ClInclude Include="source\Cooking\PxBVH33MidphaseDesc.h">
      <Filter>Header Files</Filter>
    </ClInclude>
    <ClInclude Include="source\Cooking\PxBVH34MidphaseDesc.h">
      <Filter>Header Files</Filter>
    </ClInclude>
    <ClInclude Include="source\Cooking\PxBVHStructureDesc.h">
      <Filter>Header Files</Filter>
    </ClInclude>
    <ClInclude Include="source\Cooking\Pxc.h">
      <Filter>Header Files</Filter>
    </ClInclude>
    <ClInclude Include="source\Cooking\PxConvexMeshDesc.h">
      <Filter>Header Files</Filter>
    </ClInclude>
    <ClInclude Include="source\Cooking\PxCooking.h">
      <Filter>Header Files</Filter>
    </ClInclude>
    <ClInclude Include="source\Cooking\PxMidphaseDesc.h">
      <Filter>Header Files</Filter>
    </ClInclude>
    <ClInclude Include="source\Cooking\PxTriangleMeshDesc.h">
      <Filter>Header Files</Filter>
    </ClInclude>
    <ClInclude Include="source\CudaManager\PxCudaContextManager.h">
      <Filter>Header Files</Filter>
    </ClInclude>
    <ClInclude Include="source\CudaManager\PxCudaMemoryManager.h">
      <Filter>Header Files</Filter>
    </ClInclude>
    <ClInclude Include="source\Extensions\PxBinaryConverter.h">
      <Filter>Header Files</Filter>
    </ClInclude>
    <ClInclude Include="source\Extensions\PxBroadPhaseExt.h">
      <Filter>Header Files</Filter>
    </ClInclude>
    <ClInclude Include="source\Extensions\PxCollectionExt.h">
      <Filter>Header Files</Filter>
    </ClInclude>
    <ClInclude Include="source\Extensions\PxConstraintExt.h">
      <Filter>Header Files</Filter>
    </ClInclude>
    <ClInclude Include="source\Extensions\PxContactJoint.h">
      <Filter>Header Files</Filter>
    </ClInclude>
    <ClInclude Include="source\Extensions\PxConvexMeshExt.h">
      <Filter>Header Files</Filter>
    </ClInclude>
    <ClInclude Include="source\Extensions\PxD6Joint.h">
      <Filter>Header Files</Filter>
    </ClInclude>
    <ClInclude Include="source\Extensions\PxD6JointCreate.h">
      <Filter>Header Files</Filter>
    </ClInclude>
    <ClInclude Include="source\Extensions\PxDefaultAllocator.h">
      <Filter>Header Files</Filter>
    </ClInclude>
    <ClInclude Include="source\Extensions\PxDefaultCpuDispatcher.h">
      <Filter>Header Files</Filter>
    </ClInclude>
    <ClInclude Include="source\Extensions\PxDefaultErrorCallback.h">
      <Filter>Header Files</Filter>
    </ClInclude>
    <ClInclude Include="source\Extensions\PxDefaultSimulationFilterShader.h">
      <Filter>Header Files</Filter>
    </ClInclude>
    <ClInclude Include="source\Extensions\PxDefaultStreams.h">
      <Filter>Header Files</Filter>
    </ClInclude>
    <ClInclude Include="source\Extensions\PxDistanceJoint.h">
      <Filter>Header Files</Filter>
    </ClInclude>
    <ClInclude Include="source\Extensions\PxExtensionsAPI.h">
      <Filter>Header Files</Filter>
    </ClInclude>
    <ClInclude Include="source\Extensions\PxFixedJoint.h">
      <Filter>Header Files</Filter>
    </ClInclude>
    <ClInclude Include="source\Extensions\PxJoint.h">
      <Filter>Header Files</Filter>
    </ClInclude>
    <ClInclude Include="source\Extensions\PxJointLimit.h">
      <Filter>Header Files</Filter>
    </ClInclude>
    <ClInclude Include="source\Extensions\PxMassProperties.h">
      <Filter>Header Files</Filter>
    </ClInclude>
    <ClInclude Include="source\Extensions\PxPrismaticJoint.h">
      <Filter>Header Files</Filter>
    </ClInclude>
    <ClInclude Include="source\Extensions\PxRaycastCCD.h">
      <Filter>Header Files</Filter>
    </ClInclude>
    <ClInclude Include="source\Extensions\PxRepXSerializer.h">
      <Filter>Header Files</Filter>
    </ClInclude>
    <ClInclude Include="source\Extensions\PxRepXSimpleType.h">
      <Filter>Header Files</Filter>
    </ClInclude>
    <ClInclude Include="source\Extensions\PxRevoluteJoint.h">
      <Filter>Header Files</Filter>
    </ClInclude>
    <ClInclude Include="source\Extensions\PxRigidActorExt.h">
      <Filter>Header Files</Filter>
    </ClInclude>
    <ClInclude Include="source\Extensions\PxRigidBodyExt.h">
      <Filter>Header Files</Filter>
    </ClInclude>
    <ClInclude Include="source\Extensions\PxSceneQueryExt.h">
      <Filter>Header Files</Filter>
    </ClInclude>
    <ClInclude Include="source\Extensions\PxSerialization.h">
      <Filter>Header Files</Filter>
    </ClInclude>
    <ClInclude Include="source\Extensions\PxShapeExt.h">
      <Filter>Header Files</Filter>
    </ClInclude>
    <ClInclude Include="source\Extensions\PxSimpleFactory.h">
      <Filter>Header Files</Filter>
    </ClInclude>
    <ClInclude Include="source\Extensions\PxSmoothNormals.h">
      <Filter>Header Files</Filter>
    </ClInclude>
    <ClInclude Include="source\Extensions\PxSphericalJoint.h">
      <Filter>Header Files</Filter>
    </ClInclude>
    <ClInclude Include="source\Extensions\PxStringTableExt.h">
      <Filter>Header Files</Filter>
    </ClInclude>
    <ClInclude Include="source\Extensions\PxTriangleMeshExt.h">
      <Filter>Header Files</Filter>
    </ClInclude>
    <ClInclude Include="source\Filebuf\PxFileBuf.h">
      <Filter>Header Files</Filter>
    </ClInclude>
    <ClInclude Include="source\Foundation\Unix\PxUnixIntrinsics.h">
      <Filter>Header Files</Filter>
    </ClInclude>
    <ClInclude Include="source\Foundation\Windows\PxWindowsIntrinsics.h">
      <Filter>Header Files</Filter>
    </ClInclude>
    <ClInclude Include="source\Foundation\Px.h">
      <Filter>Header Files</Filter>
    </ClInclude>
    <ClInclude Include="source\Foundation\PxAllocatorCallback.h">
      <Filter>Header Files</Filter>
    </ClInclude>
    <ClInclude Include="source\Foundation\PxAssert.h">
      <Filter>Header Files</Filter>
    </ClInclude>
    <ClInclude Include="source\Foundation\PxBitAndData.h">
      <Filter>Header Files</Filter>
    </ClInclude>
    <ClInclude Include="source\Foundation\PxBounds3.h">
      <Filter>Header Files</Filter>
    </ClInclude>
    <ClInclude Include="source\Foundation\PxErrorCallback.h">
      <Filter>Header Files</Filter>
    </ClInclude>
    <ClInclude Include="source\Foundation\PxErrors.h">
      <Filter>Header Files</Filter>
    </ClInclude>
    <ClInclude Include="source\Foundation\PxFlags.h">
      <Filter>Header Files</Filter>
    </ClInclude>
    <ClInclude Include="source\Foundation\PxFoundationConfig.h">
      <Filter>Header Files</Filter>
    </ClInclude>
    <ClInclude Include="source\Foundation\PxIntrinsics.h">
      <Filter>Header Files</Filter>
    </ClInclude>
    <ClInclude Include="source\Foundation\PxIO.h">
      <Filter>Header Files</Filter>
    </ClInclude>
    <ClInclude Include="source\Foundation\PxMat33.h">
      <Filter>Header Files</Filter>
    </ClInclude>
    <ClInclude Include="source\Foundation\PxMat44.h">
      <Filter>Header Files</Filter>
    </ClInclude>
    <ClInclude Include="source\Foundation\PxMath.h">
      <Filter>Header Files</Filter>
    </ClInclude>
    <ClInclude Include="source\Foundation\PxMathUtils.h">
      <Filter>Header Files</Filter>
    </ClInclude>
    <ClInclude Include="source\Foundation\PxMemory.h">
      <Filter>Header Files</Filter>
    </ClInclude>
    <ClInclude Include="source\Foundation\PxPlane.h">
      <Filter>Header Files</Filter>
    </ClInclude>
    <ClInclude Include="source\Foundation\PxPreprocessor.h">
      <Filter>Header Files</Filter>
    </ClInclude>
    <ClInclude Include="source\Foundation\PxProfiler.h">
      <Filter>Header Files</Filter>
    </ClInclude>
    <ClInclude Include="source\Foundation\PxQuat.h">
      <Filter>Header Files</Filter>
    </ClInclude>
    <ClInclude Include="source\Foundation\PxSharedAssert.h">
      <Filter>Header Files</Filter>
    </ClInclude>
    <ClInclude Include="source\Foundation\PxSimpleTypes.h">
      <Filter>Header Files</Filter>
    </ClInclude>
    <ClInclude Include="source\Foundation\PxStrideIterator.h">
      <Filter>Header Files</Filter>
    </ClInclude>
    <ClInclude Include="source\Foundation\PxTransform.h">
      <Filter>Header Files</Filter>
    </ClInclude>
    <ClInclude Include="source\Foundation\PxUnionCast.h">
      <Filter>Header Files</Filter>
    </ClInclude>
    <ClInclude Include="source\Foundation\PxVec2.h">
      <Filter>Header Files</Filter>
    </ClInclude>
    <ClInclude Include="source\Foundation\PxVec3.h">
      <Filter>Header Files</Filter>
    </ClInclude>
    <ClInclude Include="source\Foundation\PxVec4.h">
      <Filter>Header Files</Filter>
    </ClInclude>
    <ClInclude Include="source\Geometry\PxBoxGeometry.h">
      <Filter>Header Files</Filter>
    </ClInclude>
    <ClInclude Include="source\Geometry\PxBVHStructure.h">
      <Filter>Header Files</Filter>
    </ClInclude>
    <ClInclude Include="source\Geometry\PxCapsuleGeometry.h">
      <Filter>Header Files</Filter>
    </ClInclude>
    <ClInclude Include="source\Geometry\PxConvexMesh.h">
      <Filter>Header Files</Filter>
    </ClInclude>
    <ClInclude Include="source\Geometry\PxConvexMeshGeometry.h">
      <Filter>Header Files</Filter>
    </ClInclude>
    <ClInclude Include="source\Geometry\PxGeometry.h">
      <Filter>Header Files</Filter>
    </ClInclude>
    <ClInclude Include="source\Geometry\PxGeometryHelpers.h">
      <Filter>Header Files</Filter>
    </ClInclude>
    <ClInclude Include="source\Geometry\PxGeometryQuery.h">
      <Filter>Header Files</Filter>
    </ClInclude>
    <ClInclude Include="source\Geometry\PxHeightField.h">
      <Filter>Header Files</Filter>
    </ClInclude>
    <ClInclude Include="source\Geometry\PxHeightFieldDesc.h">
      <Filter>Header Files</Filter>
    </ClInclude>
    <ClInclude Include="source\Geometry\PxHeightFieldFlag.h">
      <Filter>Header Files</Filter>
    </ClInclude>
    <ClInclude Include="source\Geometry\PxHeightFieldGeometry.h">
      <Filter>Header Files</Filter>
    </ClInclude>
    <ClInclude Include="source\Geometry\PxHeightFieldSample.h">
      <Filter>Header Files</Filter>
    </ClInclude>
    <ClInclude Include="source\Geometry\PxMeshQuery.h">
      <Filter>Header Files</Filter>
    </ClInclude>
    <ClInclude Include="source\Geometry\PxMeshScale.h">
      <Filter>Header Files</Filter>
    </ClInclude>
    <ClInclude Include="source\Geometry\PxPlaneGeometry.h">
      <Filter>Header Files</Filter>
    </ClInclude>
    <ClInclude Include="source\Geometry\PxSimpleTriangleMesh.h">
      <Filter>Header Files</Filter>
    </ClInclude>
    <ClInclude Include="source\Geometry\PxSphereGeometry.h">
      <Filter>Header Files</Filter>
    </ClInclude>
    <ClInclude Include="source\Geometry\PxTriangle.h">
      <Filter>Header Files</Filter>
    </ClInclude>
    <ClInclude Include="source\Geometry\PxTriangleMesh.h">
      <Filter>Header Files</Filter>
    </ClInclude>
    <ClInclude Include="source\Geometry\PxTriangleMeshGeometry.h">
      <Filter>Header Files</Filter>
    </ClInclude>
    <ClInclude Include="source\Geomutils\GuContactBuffer.h">
      <Filter>Header Files</Filter>
    </ClInclude>
    <ClInclude Include="source\Geomutils\GuContactPoint.h">
      <Filter>Header Files</Filter>
    </ClInclude>
    <ClInclude Include="source\GPU\PxGpu.h">
      <Filter>Header Files</Filter>
    </ClInclude>
    <ClInclude Include="source\PVD\PxPvd.h">
      <Filter>Header Files</Filter>
    </ClInclude>
    <ClInclude Include="source\PVD\PxPvdSceneClient.h">
      <Filter>Header Files</Filter>
    </ClInclude>
    <ClInclude Include="source\PVD\PxPvdTransport.h">
      <Filter>Header Files</Filter>
    </ClInclude>
    <ClInclude Include="source\Solver\PxSolverDefs.h">
      <Filter>Header Files</Filter>
    </ClInclude>
    <ClInclude Include="source\Task\PxCpuDispatcher.h">
      <Filter>Header Files</Filter>
    </ClInclude>
    <ClInclude Include="source\Task\PxTask.h">
      <Filter>Header Files</Filter>
    </ClInclude>
    <ClInclude Include="source\Task\PxTaskDefine.h">
      <Filter>Header Files</Filter>
    </ClInclude>
    <ClInclude Include="source\Task\PxTaskManager.h">
      <Filter>Header Files</Filter>
    </ClInclude>
    <ClInclude Include="source\Vehicle\PxVehicleComponents.h">
      <Filter>Header Files</Filter>
    </ClInclude>
    <ClInclude Include="source\Vehicle\PxVehicleDrive.h">
      <Filter>Header Files</Filter>
    </ClInclude>
    <ClInclude Include="source\Vehicle\PxVehicleDrive4W.h">
      <Filter>Header Files</Filter>
    </ClInclude>
    <ClInclude Include="source\Vehicle\PxVehicleDriveNW.h">
      <Filter>Header Files</Filter>
    </ClInclude>
    <ClInclude Include="source\Vehicle\PxVehicleDriveTank.h">
      <Filter>Header Files</Filter>
    </ClInclude>
    <ClInclude Include="source\Vehicle\PxVehicleNoDrive.h">
      <Filter>Header Files</Filter>
    </ClInclude>
    <ClInclude Include="source\Vehicle\PxVehicleSDK.h">
      <Filter>Header Files</Filter>
    </ClInclude>
    <ClInclude Include="source\Vehicle\PxVehicleShaders.h">
      <Filter>Header Files</Filter>
    </ClInclude>
    <ClInclude Include="source\Vehicle\PxVehicleTireFriction.h">
      <Filter>Header Files</Filter>
    </ClInclude>
    <ClInclude Include="source\Vehicle\PxVehicleUpdate.h">
      <Filter>Header Files</Filter>
    </ClInclude>
    <ClInclude Include="source\Vehicle\PxVehicleUtil.h">
      <Filter>Header Files</Filter>
    </ClInclude>
    <ClInclude Include="source\Vehicle\PxVehicleUtilControl.h">
      <Filter>Header Files</Filter>
    </ClInclude>
    <ClInclude Include="source\Vehicle\PxVehicleUtilSetup.h">
      <Filter>Header Files</Filter>
    </ClInclude>
    <ClInclude Include="source\Vehicle\PxVehicleUtilTelemetry.h">
      <Filter>Header Files</Filter>
    </ClInclude>
    <ClInclude Include="source\Vehicle\PxVehicleWheels.h">
      <Filter>Header Files</Filter>
    </ClInclude>
    <ClInclude Include="source\physx.h">
      <Filter>Header Files</Filter>
    </ClInclude>
    <ClInclude Include="source\PxActor.h">
      <Filter>Header Files</Filter>
    </ClInclude>
    <ClInclude Include="source\PxAggregate.h">
      <Filter>Header Files</Filter>
    </ClInclude>
    <ClInclude Include="source\PxArticulation.h">
      <Filter>Header Files</Filter>
    </ClInclude>
    <ClInclude Include="source\PxArticulationBase.h">
      <Filter>Header Files</Filter>
    </ClInclude>
    <ClInclude Include="source\PxArticulationJoint.h">
      <Filter>Header Files</Filter>
    </ClInclude>
    <ClInclude Include="source\PxArticulationJointReducedCoordinate.h">
      <Filter>Header Files</Filter>
    </ClInclude>
    <ClInclude Include="source\PxArticulationLink.h">
      <Filter>Header Files</Filter>
    </ClInclude>
    <ClInclude Include="source\PxArticulationReducedCoordinate.h">
      <Filter>Header Files</Filter>
    </ClInclude>
    <ClInclude Include="source\PxBatchQuery.h">
      <Filter>Header Files</Filter>
    </ClInclude>
    <ClInclude Include="source\PxBatchQueryDesc.h">
      <Filter>Header Files</Filter>
    </ClInclude>
    <ClInclude Include="source\PxBroadPhase.h">
      <Filter>Header Files</Filter>
    </ClInclude>
    <ClInclude Include="source\PxClient.h">
      <Filter>Header Files</Filter>
    </ClInclude>
    <ClInclude Include="source\PxConfig.h">
      <Filter>Header Files</Filter>
    </ClInclude>
    <ClInclude Include="source\PxConstraint.h">
      <Filter>Header Files</Filter>
    </ClInclude>
    <ClInclude Include="source\PxConstraintDesc.h">
      <Filter>Header Files</Filter>
    </ClInclude>
    <ClInclude Include="source\PxContact.h">
      <Filter>Header Files</Filter>
    </ClInclude>
    <ClInclude Include="source\PxContactModifyCallback.h">
      <Filter>Header Files</Filter>
    </ClInclude>
    <ClInclude Include="source\PxDeletionListener.h">
      <Filter>Header Files</Filter>
    </ClInclude>
    <ClInclude Include="source\PxFiltering.h">
      <Filter>Header Files</Filter>
    </ClInclude>
    <ClInclude Include="source\PxForceMode.h">
      <Filter>Header Files</Filter>
    </ClInclude>
    <ClInclude Include="source\PxFoundation.h">
      <Filter>Header Files</Filter>
    </ClInclude>
    <ClInclude Include="source\PxImmediateMode.h">
      <Filter>Header Files</Filter>
    </ClInclude>
    <ClInclude Include="source\PxLockedData.h">
      <Filter>Header Files</Filter>
    </ClInclude>
    <ClInclude Include="source\PxMaterial.h">
      <Filter>Header Files</Filter>
    </ClInclude>
    <ClInclude Include="source\PxPhysics.h">
      <Filter>Header Files</Filter>
    </ClInclude>
    <ClInclude Include="source\PxPhysicsAPI.h">
      <Filter>Header Files</Filter>
    </ClInclude>
    <ClInclude Include="source\PxPhysicsSerialization.h">
      <Filter>Header Files</Filter>
    </ClInclude>
    <ClInclude Include="source\PxPhysicsVersion.h">
      <Filter>Header Files</Filter>
    </ClInclude>
    <ClInclude Include="source\PxPhysXConfig.h">
      <Filter>Header Files</Filter>
    </ClInclude>
    <ClInclude Include="source\PxPruningStructure.h">
      <Filter>Header Files</Filter>
    </ClInclude>
    <ClInclude Include="source\PxQueryFiltering.h">
      <Filter>Header Files</Filter>
    </ClInclude>
    <ClInclude Include="source\PxQueryReport.h">
      <Filter>Header Files</Filter>
    </ClInclude>
    <ClInclude Include="source\PxRigidActor.h">
      <Filter>Header Files</Filter>
    </ClInclude>
    <ClInclude Include="source\PxRigidBody.h">
      <Filter>Header Files</Filter>
    </ClInclude>
    <ClInclude Include="source\PxRigidDynamic.h">
      <Filter>Header Files</Filter>
    </ClInclude>
    <ClInclude Include="source\PxRigidStatic.h">
      <Filter>Header Files</Filter>
    </ClInclude>
    <ClInclude Include="source\PxScene.h">
      <Filter>Header Files</Filter>
    </ClInclude>
    <ClInclude Include="source\PxSceneDesc.h">
      <Filter>Header Files</Filter>
    </ClInclude>
    <ClInclude Include="source\PxSceneLock.h">
      <Filter>Header Files</Filter>
    </ClInclude>
    <ClInclude Include="source\PxShape.h">
      <Filter>Header Files</Filter>
    </ClInclude>
    <ClInclude Include="source\PxSimulationEventCallback.h">
      <Filter>Header Files</Filter>
    </ClInclude>
    <ClInclude Include="source\PxSimulationStatistics.h">
      <Filter>Header Files</Filter>
    </ClInclude>
    <ClInclude Include="source\PxVisualizationParameter.h">
      <Filter>Header Files</Filter>
    </ClInclude>
  </ItemGroup>
  <ItemGroup>
    <ClCompile Include="source\physx.cpp">
      <Filter>Source Files</Filter>
    </ClCompile>
  </ItemGroup>
</Project>